// !$*UTF8*$!
{
	archiveVersion = 1;
	classes = {
	};
	objectVersion = 55;
	objects = {

/* Begin PBXBuildFile section */
		861A76752A5AA45200A24696 /* MoodDiaryCell.swift in Sources */ = {isa = PBXBuildFile; fileRef = 861A76742A5AA45200A24696 /* MoodDiaryCell.swift */; };
		861A76772A5BB6B500A24696 /* DiaryListViewModel.swift in Sources */ = {isa = PBXBuildFile; fileRef = 861A76762A5BB6B500A24696 /* DiaryListViewModel.swift */; };
		861A76792A5D2BEB00A24696 /* DiaryViewModel.swift in Sources */ = {isa = PBXBuildFile; fileRef = 861A76782A5D2BEB00A24696 /* DiaryViewModel.swift */; };
		861D44D02A5FE20A00A4CCA6 /* Storage.swift in Sources */ = {isa = PBXBuildFile; fileRef = 861D44CF2A5FE20A00A4CCA6 /* Storage.swift */; };
		861D44D22A5FE23400A4CCA6 /* MoodDiaryStorage.swift in Sources */ = {isa = PBXBuildFile; fileRef = 861D44D12A5FE23400A4CCA6 /* MoodDiaryStorage.swift */; };
		86933E472A612577008E657C /* DiaryDetailViewModel.swift in Sources */ = {isa = PBXBuildFile; fileRef = 86933E462A612577008E657C /* DiaryDetailViewModel.swift */; };
		86BB73B72A58608D00E798D2 /* EmotionDiaryApp.swift in Sources */ = {isa = PBXBuildFile; fileRef = 86BB73B62A58608D00E798D2 /* EmotionDiaryApp.swift */; };
		86BB73B92A58608D00E798D2 /* DiaryListView.swift in Sources */ = {isa = PBXBuildFile; fileRef = 86BB73B82A58608D00E798D2 /* DiaryListView.swift */; };
		86BB73BB2A58608E00E798D2 /* Assets.xcassets in Resources */ = {isa = PBXBuildFile; fileRef = 86BB73BA2A58608E00E798D2 /* Assets.xcassets */; };
		86BB73BE2A58608E00E798D2 /* Preview Assets.xcassets in Resources */ = {isa = PBXBuildFile; fileRef = 86BB73BD2A58608E00E798D2 /* Preview Assets.xcassets */; };
		86BB73C82A58608E00E798D2 /* EmotionDiaryTests.swift in Sources */ = {isa = PBXBuildFile; fileRef = 86BB73C72A58608E00E798D2 /* EmotionDiaryTests.swift */; };
		86BB73D22A58608E00E798D2 /* EmotionDiaryUITests.swift in Sources */ = {isa = PBXBuildFile; fileRef = 86BB73D12A58608E00E798D2 /* EmotionDiaryUITests.swift */; };
		86BB73D42A58608E00E798D2 /* EmotionDiaryUITestsLaunchTests.swift in Sources */ = {isa = PBXBuildFile; fileRef = 86BB73D32A58608E00E798D2 /* EmotionDiaryUITestsLaunchTests.swift */; };
		86BB73E42A5860DC00E798D2 /* DiaryDetailView.swift in Sources */ = {isa = PBXBuildFile; fileRef = 86BB73E32A5860DC00E798D2 /* DiaryDetailView.swift */; };
		86BB73E72A58610200E798D2 /* DiaryDateInputView.swift in Sources */ = {isa = PBXBuildFile; fileRef = 86BB73E62A58610200E798D2 /* DiaryDateInputView.swift */; };
		86BB73E92A58610900E798D2 /* DiaryMoodInputView.swift in Sources */ = {isa = PBXBuildFile; fileRef = 86BB73E82A58610900E798D2 /* DiaryMoodInputView.swift */; };
		86BB73EB2A58610F00E798D2 /* DiaryTextInputView.swift in Sources */ = {isa = PBXBuildFile; fileRef = 86BB73EA2A58610F00E798D2 /* DiaryTextInputView.swift */; };
		86BB73EE2A58614A00E798D2 /* Mood.swift in Sources */ = {isa = PBXBuildFile; fileRef = 86BB73ED2A58614A00E798D2 /* Mood.swift */; };
		86BB73F02A58617400E798D2 /* MoodDiary.swift in Sources */ = {isa = PBXBuildFile; fileRef = 86BB73EF2A58617400E798D2 /* MoodDiary.swift */; };
/* End PBXBuildFile section */

/* Begin PBXContainerItemProxy section */
		86BB73C42A58608E00E798D2 /* PBXContainerItemProxy */ = {
			isa = PBXContainerItemProxy;
			containerPortal = 86BB73AB2A58608D00E798D2 /* Project object */;
			proxyType = 1;
			remoteGlobalIDString = 86BB73B22A58608D00E798D2;
			remoteInfo = EmotionDiary;
		};
		86BB73CE2A58608E00E798D2 /* PBXContainerItemProxy */ = {
			isa = PBXContainerItemProxy;
			containerPortal = 86BB73AB2A58608D00E798D2 /* Project object */;
			proxyType = 1;
			remoteGlobalIDString = 86BB73B22A58608D00E798D2;
			remoteInfo = EmotionDiary;
		};
/* End PBXContainerItemProxy section */

/* Begin PBXFileReference section */
		861A76742A5AA45200A24696 /* MoodDiaryCell.swift */ = {isa = PBXFileReference; lastKnownFileType = sourcecode.swift; path = MoodDiaryCell.swift; sourceTree = "<group>"; };
		861A76762A5BB6B500A24696 /* DiaryListViewModel.swift */ = {isa = PBXFileReference; lastKnownFileType = sourcecode.swift; path = DiaryListViewModel.swift; sourceTree = "<group>"; };
		861A76782A5D2BEB00A24696 /* DiaryViewModel.swift */ = {isa = PBXFileReference; lastKnownFileType = sourcecode.swift; path = DiaryViewModel.swift; sourceTree = "<group>"; };
		861D44CF2A5FE20A00A4CCA6 /* Storage.swift */ = {isa = PBXFileReference; lastKnownFileType = sourcecode.swift; path = Storage.swift; sourceTree = "<group>"; };
		861D44D12A5FE23400A4CCA6 /* MoodDiaryStorage.swift */ = {isa = PBXFileReference; lastKnownFileType = sourcecode.swift; path = MoodDiaryStorage.swift; sourceTree = "<group>"; };
		86933E462A612577008E657C /* DiaryDetailViewModel.swift */ = {isa = PBXFileReference; lastKnownFileType = sourcecode.swift; path = DiaryDetailViewModel.swift; sourceTree = "<group>"; };
		86BB73B32A58608D00E798D2 /* EmotionDiary.app */ = {isa = PBXFileReference; explicitFileType = wrapper.application; includeInIndex = 0; path = EmotionDiary.app; sourceTree = BUILT_PRODUCTS_DIR; };
		86BB73B62A58608D00E798D2 /* EmotionDiaryApp.swift */ = {isa = PBXFileReference; lastKnownFileType = sourcecode.swift; path = EmotionDiaryApp.swift; sourceTree = "<group>"; };
		86BB73B82A58608D00E798D2 /* DiaryListView.swift */ = {isa = PBXFileReference; lastKnownFileType = sourcecode.swift; path = DiaryListView.swift; sourceTree = "<group>"; };
		86BB73BA2A58608E00E798D2 /* Assets.xcassets */ = {isa = PBXFileReference; lastKnownFileType = folder.assetcatalog; path = Assets.xcassets; sourceTree = "<group>"; };
		86BB73BD2A58608E00E798D2 /* Preview Assets.xcassets */ = {isa = PBXFileReference; lastKnownFileType = folder.assetcatalog; path = "Preview Assets.xcassets"; sourceTree = "<group>"; };
		86BB73C32A58608E00E798D2 /* EmotionDiaryTests.xctest */ = {isa = PBXFileReference; explicitFileType = wrapper.cfbundle; includeInIndex = 0; path = EmotionDiaryTests.xctest; sourceTree = BUILT_PRODUCTS_DIR; };
		86BB73C72A58608E00E798D2 /* EmotionDiaryTests.swift */ = {isa = PBXFileReference; lastKnownFileType = sourcecode.swift; path = EmotionDiaryTests.swift; sourceTree = "<group>"; };
		86BB73CD2A58608E00E798D2 /* EmotionDiaryUITests.xctest */ = {isa = PBXFileReference; explicitFileType = wrapper.cfbundle; includeInIndex = 0; path = EmotionDiaryUITests.xctest; sourceTree = BUILT_PRODUCTS_DIR; };
		86BB73D12A58608E00E798D2 /* EmotionDiaryUITests.swift */ = {isa = PBXFileReference; lastKnownFileType = sourcecode.swift; path = EmotionDiaryUITests.swift; sourceTree = "<group>"; };
		86BB73D32A58608E00E798D2 /* EmotionDiaryUITestsLaunchTests.swift */ = {isa = PBXFileReference; lastKnownFileType = sourcecode.swift; path = EmotionDiaryUITestsLaunchTests.swift; sourceTree = "<group>"; };
		86BB73E32A5860DC00E798D2 /* DiaryDetailView.swift */ = {isa = PBXFileReference; lastKnownFileType = sourcecode.swift; path = DiaryDetailView.swift; sourceTree = "<group>"; };
		86BB73E62A58610200E798D2 /* DiaryDateInputView.swift */ = {isa = PBXFileReference; lastKnownFileType = sourcecode.swift; path = DiaryDateInputView.swift; sourceTree = "<group>"; };
		86BB73E82A58610900E798D2 /* DiaryMoodInputView.swift */ = {isa = PBXFileReference; lastKnownFileType = sourcecode.swift; path = DiaryMoodInputView.swift; sourceTree = "<group>"; };
		86BB73EA2A58610F00E798D2 /* DiaryTextInputView.swift */ = {isa = PBXFileReference; lastKnownFileType = sourcecode.swift; path = DiaryTextInputView.swift; sourceTree = "<group>"; };
		86BB73ED2A58614A00E798D2 /* Mood.swift */ = {isa = PBXFileReference; lastKnownFileType = sourcecode.swift; path = Mood.swift; sourceTree = "<group>"; };
		86BB73EF2A58617400E798D2 /* MoodDiary.swift */ = {isa = PBXFileReference; lastKnownFileType = sourcecode.swift; path = MoodDiary.swift; sourceTree = "<group>"; };
/* End PBXFileReference section */

/* Begin PBXFrameworksBuildPhase section */
		86BB73B02A58608D00E798D2 /* Frameworks */ = {
			isa = PBXFrameworksBuildPhase;
			buildActionMask = 2147483647;
			files = (
			);
			runOnlyForDeploymentPostprocessing = 0;
		};
		86BB73C02A58608E00E798D2 /* Frameworks */ = {
			isa = PBXFrameworksBuildPhase;
			buildActionMask = 2147483647;
			files = (
			);
			runOnlyForDeploymentPostprocessing = 0;
		};
		86BB73CA2A58608E00E798D2 /* Frameworks */ = {
			isa = PBXFrameworksBuildPhase;
			buildActionMask = 2147483647;
			files = (
			);
			runOnlyForDeploymentPostprocessing = 0;
		};
/* End PBXFrameworksBuildPhase section */

/* Begin PBXGroup section */
		861D44D32A5FE24200A4CCA6 /* Storage */ = {
			isa = PBXGroup;
			children = (
				861D44CF2A5FE20A00A4CCA6 /* Storage.swift */,
				861D44D12A5FE23400A4CCA6 /* MoodDiaryStorage.swift */,
			);
			path = Storage;
			sourceTree = "<group>";
		};
		86BB73AA2A58608D00E798D2 = {
			isa = PBXGroup;
			children = (
				86BB73B52A58608D00E798D2 /* EmotionDiary */,
				86BB73C62A58608E00E798D2 /* EmotionDiaryTests */,
				86BB73D02A58608E00E798D2 /* EmotionDiaryUITests */,
				86BB73B42A58608D00E798D2 /* Products */,
			);
			sourceTree = "<group>";
		};
		86BB73B42A58608D00E798D2 /* Products */ = {
			isa = PBXGroup;
			children = (
				86BB73B32A58608D00E798D2 /* EmotionDiary.app */,
				86BB73C32A58608E00E798D2 /* EmotionDiaryTests.xctest */,
				86BB73CD2A58608E00E798D2 /* EmotionDiaryUITests.xctest */,
			);
			name = Products;
			sourceTree = "<group>";
		};
		86BB73B52A58608D00E798D2 /* EmotionDiary */ = {
			isa = PBXGroup;
			children = (
				86BB73B62A58608D00E798D2 /* EmotionDiaryApp.swift */,
				86BB73E02A5860AC00E798D2 /* Diary List */,
				86BB73EC2A58611300E798D2 /* Diary Creation */,
				86BB73E52A5860E000E798D2 /* Diary Detail */,
				86BB73F12A5861A100E798D2 /* Model */,
				861D44D32A5FE24200A4CCA6 /* Storage */,
				86BB73BA2A58608E00E798D2 /* Assets.xcassets */,
				86BB73BC2A58608E00E798D2 /* Preview Content */,
			);
			path = EmotionDiary;
			sourceTree = "<group>";
		};
		86BB73BC2A58608E00E798D2 /* Preview Content */ = {
			isa = PBXGroup;
			children = (
				86BB73BD2A58608E00E798D2 /* Preview Assets.xcassets */,
			);
			path = "Preview Content";
			sourceTree = "<group>";
		};
		86BB73C62A58608E00E798D2 /* EmotionDiaryTests */ = {
			isa = PBXGroup;
			children = (
				86BB73C72A58608E00E798D2 /* EmotionDiaryTests.swift */,
			);
			path = EmotionDiaryTests;
			sourceTree = "<group>";
		};
		86BB73D02A58608E00E798D2 /* EmotionDiaryUITests */ = {
			isa = PBXGroup;
			children = (
				86BB73D12A58608E00E798D2 /* EmotionDiaryUITests.swift */,
				86BB73D32A58608E00E798D2 /* EmotionDiaryUITestsLaunchTests.swift */,
			);
			path = EmotionDiaryUITests;
			sourceTree = "<group>";
		};
		86BB73E02A5860AC00E798D2 /* Diary List */ = {
			isa = PBXGroup;
			children = (
				86BB73B82A58608D00E798D2 /* DiaryListView.swift */,
				861A76762A5BB6B500A24696 /* DiaryListViewModel.swift */,
				861A76742A5AA45200A24696 /* MoodDiaryCell.swift */,
			);
			path = "Diary List";
			sourceTree = "<group>";
		};
		86BB73E52A5860E000E798D2 /* Diary Detail */ = {
			isa = PBXGroup;
			children = (
				86BB73E32A5860DC00E798D2 /* DiaryDetailView.swift */,
				86933E462A612577008E657C /* DiaryDetailViewModel.swift */,
			);
			path = "Diary Detail";
			sourceTree = "<group>";
		};
		86BB73EC2A58611300E798D2 /* Diary Creation */ = {
			isa = PBXGroup;
			children = (
				861A76782A5D2BEB00A24696 /* DiaryViewModel.swift */,
				86BB73E62A58610200E798D2 /* DiaryDateInputView.swift */,
				86BB73E82A58610900E798D2 /* DiaryMoodInputView.swift */,
				86BB73EA2A58610F00E798D2 /* DiaryTextInputView.swift */,
			);
			path = "Diary Creation";
			sourceTree = "<group>";
		};
		86BB73F12A5861A100E798D2 /* Model */ = {
			isa = PBXGroup;
			children = (
				86BB73ED2A58614A00E798D2 /* Mood.swift */,
				86BB73EF2A58617400E798D2 /* MoodDiary.swift */,
			);
			path = Model;
			sourceTree = "<group>";
		};
/* End PBXGroup section */

/* Begin PBXNativeTarget section */
		86BB73B22A58608D00E798D2 /* EmotionDiary */ = {
			isa = PBXNativeTarget;
			buildConfigurationList = 86BB73D72A58608E00E798D2 /* Build configuration list for PBXNativeTarget "EmotionDiary" */;
			buildPhases = (
				86BB73AF2A58608D00E798D2 /* Sources */,
				86BB73B02A58608D00E798D2 /* Frameworks */,
				86BB73B12A58608D00E798D2 /* Resources */,
			);
			buildRules = (
			);
			dependencies = (
			);
			name = EmotionDiary;
			productName = EmotionDiary;
			productReference = 86BB73B32A58608D00E798D2 /* EmotionDiary.app */;
			productType = "com.apple.product-type.application";
		};
		86BB73C22A58608E00E798D2 /* EmotionDiaryTests */ = {
			isa = PBXNativeTarget;
			buildConfigurationList = 86BB73DA2A58608E00E798D2 /* Build configuration list for PBXNativeTarget "EmotionDiaryTests" */;
			buildPhases = (
				86BB73BF2A58608E00E798D2 /* Sources */,
				86BB73C02A58608E00E798D2 /* Frameworks */,
				86BB73C12A58608E00E798D2 /* Resources */,
			);
			buildRules = (
			);
			dependencies = (
				86BB73C52A58608E00E798D2 /* PBXTargetDependency */,
			);
			name = EmotionDiaryTests;
			productName = EmotionDiaryTests;
			productReference = 86BB73C32A58608E00E798D2 /* EmotionDiaryTests.xctest */;
			productType = "com.apple.product-type.bundle.unit-test";
		};
		86BB73CC2A58608E00E798D2 /* EmotionDiaryUITests */ = {
			isa = PBXNativeTarget;
			buildConfigurationList = 86BB73DD2A58608E00E798D2 /* Build configuration list for PBXNativeTarget "EmotionDiaryUITests" */;
			buildPhases = (
				86BB73C92A58608E00E798D2 /* Sources */,
				86BB73CA2A58608E00E798D2 /* Frameworks */,
				86BB73CB2A58608E00E798D2 /* Resources */,
			);
			buildRules = (
			);
			dependencies = (
				86BB73CF2A58608E00E798D2 /* PBXTargetDependency */,
			);
			name = EmotionDiaryUITests;
			productName = EmotionDiaryUITests;
			productReference = 86BB73CD2A58608E00E798D2 /* EmotionDiaryUITests.xctest */;
			productType = "com.apple.product-type.bundle.ui-testing";
		};
/* End PBXNativeTarget section */

/* Begin PBXProject section */
		86BB73AB2A58608D00E798D2 /* Project object */ = {
			isa = PBXProject;
			attributes = {
				BuildIndependentTargetsInParallel = 1;
				LastSwiftUpdateCheck = 1340;
				LastUpgradeCheck = 1340;
				TargetAttributes = {
					86BB73B22A58608D00E798D2 = {
						CreatedOnToolsVersion = 13.4.1;
					};
					86BB73C22A58608E00E798D2 = {
						CreatedOnToolsVersion = 13.4.1;
						TestTargetID = 86BB73B22A58608D00E798D2;
					};
					86BB73CC2A58608E00E798D2 = {
						CreatedOnToolsVersion = 13.4.1;
						TestTargetID = 86BB73B22A58608D00E798D2;
					};
				};
			};
			buildConfigurationList = 86BB73AE2A58608D00E798D2 /* Build configuration list for PBXProject "EmotionDiary" */;
			compatibilityVersion = "Xcode 13.0";
			developmentRegion = en;
			hasScannedForEncodings = 0;
			knownRegions = (
				en,
				Base,
			);
			mainGroup = 86BB73AA2A58608D00E798D2;
			productRefGroup = 86BB73B42A58608D00E798D2 /* Products */;
			projectDirPath = "";
			projectRoot = "";
			targets = (
				86BB73B22A58608D00E798D2 /* EmotionDiary */,
				86BB73C22A58608E00E798D2 /* EmotionDiaryTests */,
				86BB73CC2A58608E00E798D2 /* EmotionDiaryUITests */,
			);
		};
/* End PBXProject section */

/* Begin PBXResourcesBuildPhase section */
		86BB73B12A58608D00E798D2 /* Resources */ = {
			isa = PBXResourcesBuildPhase;
			buildActionMask = 2147483647;
			files = (
				86BB73BE2A58608E00E798D2 /* Preview Assets.xcassets in Resources */,
				86BB73BB2A58608E00E798D2 /* Assets.xcassets in Resources */,
			);
			runOnlyForDeploymentPostprocessing = 0;
		};
		86BB73C12A58608E00E798D2 /* Resources */ = {
			isa = PBXResourcesBuildPhase;
			buildActionMask = 2147483647;
			files = (
			);
			runOnlyForDeploymentPostprocessing = 0;
		};
		86BB73CB2A58608E00E798D2 /* Resources */ = {
			isa = PBXResourcesBuildPhase;
			buildActionMask = 2147483647;
			files = (
			);
			runOnlyForDeploymentPostprocessing = 0;
		};
/* End PBXResourcesBuildPhase section */

/* Begin PBXSourcesBuildPhase section */
		86BB73AF2A58608D00E798D2 /* Sources */ = {
			isa = PBXSourcesBuildPhase;
			buildActionMask = 2147483647;
			files = (
				861A76772A5BB6B500A24696 /* DiaryListViewModel.swift in Sources */,
				86BB73E42A5860DC00E798D2 /* DiaryDetailView.swift in Sources */,
				86BB73E92A58610900E798D2 /* DiaryMoodInputView.swift in Sources */,
				861A76752A5AA45200A24696 /* MoodDiaryCell.swift in Sources */,
				861A76792A5D2BEB00A24696 /* DiaryViewModel.swift in Sources */,
				861D44D02A5FE20A00A4CCA6 /* Storage.swift in Sources */,
				86BB73E72A58610200E798D2 /* DiaryDateInputView.swift in Sources */,
				86BB73EE2A58614A00E798D2 /* Mood.swift in Sources */,
				86BB73B92A58608D00E798D2 /* DiaryListView.swift in Sources */,
				86933E472A612577008E657C /* DiaryDetailViewModel.swift in Sources */,
				86BB73F02A58617400E798D2 /* MoodDiary.swift in Sources */,
				86BB73EB2A58610F00E798D2 /* DiaryTextInputView.swift in Sources */,
				861D44D22A5FE23400A4CCA6 /* MoodDiaryStorage.swift in Sources */,
				86BB73B72A58608D00E798D2 /* EmotionDiaryApp.swift in Sources */,
			);
			runOnlyForDeploymentPostprocessing = 0;
		};
		86BB73BF2A58608E00E798D2 /* Sources */ = {
			isa = PBXSourcesBuildPhase;
			buildActionMask = 2147483647;
			files = (
				86BB73C82A58608E00E798D2 /* EmotionDiaryTests.swift in Sources */,
			);
			runOnlyForDeploymentPostprocessing = 0;
		};
		86BB73C92A58608E00E798D2 /* Sources */ = {
			isa = PBXSourcesBuildPhase;
			buildActionMask = 2147483647;
			files = (
				86BB73D42A58608E00E798D2 /* EmotionDiaryUITestsLaunchTests.swift in Sources */,
				86BB73D22A58608E00E798D2 /* EmotionDiaryUITests.swift in Sources */,
			);
			runOnlyForDeploymentPostprocessing = 0;
		};
/* End PBXSourcesBuildPhase section */

/* Begin PBXTargetDependency section */
		86BB73C52A58608E00E798D2 /* PBXTargetDependency */ = {
			isa = PBXTargetDependency;
			target = 86BB73B22A58608D00E798D2 /* EmotionDiary */;
			targetProxy = 86BB73C42A58608E00E798D2 /* PBXContainerItemProxy */;
		};
		86BB73CF2A58608E00E798D2 /* PBXTargetDependency */ = {
			isa = PBXTargetDependency;
			target = 86BB73B22A58608D00E798D2 /* EmotionDiary */;
			targetProxy = 86BB73CE2A58608E00E798D2 /* PBXContainerItemProxy */;
		};
/* End PBXTargetDependency section */

/* Begin XCBuildConfiguration section */
		86BB73D52A58608E00E798D2 /* Debug */ = {
			isa = XCBuildConfiguration;
			buildSettings = {
				ALWAYS_SEARCH_USER_PATHS = NO;
				CLANG_ANALYZER_NONNULL = YES;
				CLANG_ANALYZER_NUMBER_OBJECT_CONVERSION = YES_AGGRESSIVE;
				CLANG_CXX_LANGUAGE_STANDARD = "gnu++17";
				CLANG_ENABLE_MODULES = YES;
				CLANG_ENABLE_OBJC_ARC = YES;
				CLANG_ENABLE_OBJC_WEAK = YES;
				CLANG_WARN_BLOCK_CAPTURE_AUTORELEASING = YES;
				CLANG_WARN_BOOL_CONVERSION = YES;
				CLANG_WARN_COMMA = YES;
				CLANG_WARN_CONSTANT_CONVERSION = YES;
				CLANG_WARN_DEPRECATED_OBJC_IMPLEMENTATIONS = YES;
				CLANG_WARN_DIRECT_OBJC_ISA_USAGE = YES_ERROR;
				CLANG_WARN_DOCUMENTATION_COMMENTS = YES;
				CLANG_WARN_EMPTY_BODY = YES;
				CLANG_WARN_ENUM_CONVERSION = YES;
				CLANG_WARN_INFINITE_RECURSION = YES;
				CLANG_WARN_INT_CONVERSION = YES;
				CLANG_WARN_NON_LITERAL_NULL_CONVERSION = YES;
				CLANG_WARN_OBJC_IMPLICIT_RETAIN_SELF = YES;
				CLANG_WARN_OBJC_LITERAL_CONVERSION = YES;
				CLANG_WARN_OBJC_ROOT_CLASS = YES_ERROR;
				CLANG_WARN_QUOTED_INCLUDE_IN_FRAMEWORK_HEADER = YES;
				CLANG_WARN_RANGE_LOOP_ANALYSIS = YES;
				CLANG_WARN_STRICT_PROTOTYPES = YES;
				CLANG_WARN_SUSPICIOUS_MOVE = YES;
				CLANG_WARN_UNGUARDED_AVAILABILITY = YES_AGGRESSIVE;
				CLANG_WARN_UNREACHABLE_CODE = YES;
				CLANG_WARN__DUPLICATE_METHOD_MATCH = YES;
				COPY_PHASE_STRIP = NO;
				DEBUG_INFORMATION_FORMAT = dwarf;
				ENABLE_STRICT_OBJC_MSGSEND = YES;
				ENABLE_TESTABILITY = YES;
				GCC_C_LANGUAGE_STANDARD = gnu11;
				GCC_DYNAMIC_NO_PIC = NO;
				GCC_NO_COMMON_BLOCKS = YES;
				GCC_OPTIMIZATION_LEVEL = 0;
				GCC_PREPROCESSOR_DEFINITIONS = (
					"DEBUG=1",
					"$(inherited)",
				);
				GCC_WARN_64_TO_32_BIT_CONVERSION = YES;
				GCC_WARN_ABOUT_RETURN_TYPE = YES_ERROR;
				GCC_WARN_UNDECLARED_SELECTOR = YES;
				GCC_WARN_UNINITIALIZED_AUTOS = YES_AGGRESSIVE;
				GCC_WARN_UNUSED_FUNCTION = YES;
				GCC_WARN_UNUSED_VARIABLE = YES;
				IPHONEOS_DEPLOYMENT_TARGET = 15.5;
				MTL_ENABLE_DEBUG_INFO = INCLUDE_SOURCE;
				MTL_FAST_MATH = YES;
				ONLY_ACTIVE_ARCH = YES;
				SDKROOT = iphoneos;
				SWIFT_ACTIVE_COMPILATION_CONDITIONS = DEBUG;
				SWIFT_OPTIMIZATION_LEVEL = "-Onone";
			};
			name = Debug;
		};
		86BB73D62A58608E00E798D2 /* Release */ = {
			isa = XCBuildConfiguration;
			buildSettings = {
				ALWAYS_SEARCH_USER_PATHS = NO;
				CLANG_ANALYZER_NONNULL = YES;
				CLANG_ANALYZER_NUMBER_OBJECT_CONVERSION = YES_AGGRESSIVE;
				CLANG_CXX_LANGUAGE_STANDARD = "gnu++17";
				CLANG_ENABLE_MODULES = YES;
				CLANG_ENABLE_OBJC_ARC = YES;
				CLANG_ENABLE_OBJC_WEAK = YES;
				CLANG_WARN_BLOCK_CAPTURE_AUTORELEASING = YES;
				CLANG_WARN_BOOL_CONVERSION = YES;
				CLANG_WARN_COMMA = YES;
				CLANG_WARN_CONSTANT_CONVERSION = YES;
				CLANG_WARN_DEPRECATED_OBJC_IMPLEMENTATIONS = YES;
				CLANG_WARN_DIRECT_OBJC_ISA_USAGE = YES_ERROR;
				CLANG_WARN_DOCUMENTATION_COMMENTS = YES;
				CLANG_WARN_EMPTY_BODY = YES;
				CLANG_WARN_ENUM_CONVERSION = YES;
				CLANG_WARN_INFINITE_RECURSION = YES;
				CLANG_WARN_INT_CONVERSION = YES;
				CLANG_WARN_NON_LITERAL_NULL_CONVERSION = YES;
				CLANG_WARN_OBJC_IMPLICIT_RETAIN_SELF = YES;
				CLANG_WARN_OBJC_LITERAL_CONVERSION = YES;
				CLANG_WARN_OBJC_ROOT_CLASS = YES_ERROR;
				CLANG_WARN_QUOTED_INCLUDE_IN_FRAMEWORK_HEADER = YES;
				CLANG_WARN_RANGE_LOOP_ANALYSIS = YES;
				CLANG_WARN_STRICT_PROTOTYPES = YES;
				CLANG_WARN_SUSPICIOUS_MOVE = YES;
				CLANG_WARN_UNGUARDED_AVAILABILITY = YES_AGGRESSIVE;
				CLANG_WARN_UNREACHABLE_CODE = YES;
				CLANG_WARN__DUPLICATE_METHOD_MATCH = YES;
				COPY_PHASE_STRIP = NO;
				DEBUG_INFORMATION_FORMAT = "dwarf-with-dsym";
				ENABLE_NS_ASSERTIONS = NO;
				ENABLE_STRICT_OBJC_MSGSEND = YES;
				GCC_C_LANGUAGE_STANDARD = gnu11;
				GCC_NO_COMMON_BLOCKS = YES;
				GCC_WARN_64_TO_32_BIT_CONVERSION = YES;
				GCC_WARN_ABOUT_RETURN_TYPE = YES_ERROR;
				GCC_WARN_UNDECLARED_SELECTOR = YES;
				GCC_WARN_UNINITIALIZED_AUTOS = YES_AGGRESSIVE;
				GCC_WARN_UNUSED_FUNCTION = YES;
				GCC_WARN_UNUSED_VARIABLE = YES;
				IPHONEOS_DEPLOYMENT_TARGET = 15.5;
				MTL_ENABLE_DEBUG_INFO = NO;
				MTL_FAST_MATH = YES;
				SDKROOT = iphoneos;
				SWIFT_COMPILATION_MODE = wholemodule;
				SWIFT_OPTIMIZATION_LEVEL = "-O";
				VALIDATE_PRODUCT = YES;
			};
			name = Release;
		};
		86BB73D82A58608E00E798D2 /* Debug */ = {
			isa = XCBuildConfiguration;
			buildSettings = {
				ASSETCATALOG_COMPILER_APPICON_NAME = AppIcon;
				ASSETCATALOG_COMPILER_GLOBAL_ACCENT_COLOR_NAME = AccentColor;
				CODE_SIGN_STYLE = Automatic;
				CURRENT_PROJECT_VERSION = 1;
				DEVELOPMENT_ASSET_PATHS = "\"EmotionDiary/Preview Content\"";
				DEVELOPMENT_TEAM = SC2M4P5Z8J;
				ENABLE_PREVIEWS = YES;
				GENERATE_INFOPLIST_FILE = YES;
				INFOPLIST_KEY_UIApplicationSceneManifest_Generation = YES;
				INFOPLIST_KEY_UIApplicationSupportsIndirectInputEvents = YES;
				INFOPLIST_KEY_UILaunchScreen_Generation = YES;
				INFOPLIST_KEY_UISupportedInterfaceOrientations_iPad = "UIInterfaceOrientationPortrait UIInterfaceOrientationPortraitUpsideDown UIInterfaceOrientationLandscapeLeft UIInterfaceOrientationLandscapeRight";
				INFOPLIST_KEY_UISupportedInterfaceOrientations_iPhone = "UIInterfaceOrientationPortrait UIInterfaceOrientationLandscapeLeft UIInterfaceOrientationLandscapeRight";
				LD_RUNPATH_SEARCH_PATHS = (
					"$(inherited)",
					"@executable_path/Frameworks",
				);
				MARKETING_VERSION = 1.0;
				PRODUCT_BUNDLE_IDENTIFIER = com.torinunna.EmotionDiary;
				PRODUCT_NAME = "$(TARGET_NAME)";
				SWIFT_EMIT_LOC_STRINGS = YES;
				SWIFT_VERSION = 5.0;
				TARGETED_DEVICE_FAMILY = "1,2";
			};
			name = Debug;
		};
		86BB73D92A58608E00E798D2 /* Release */ = {
			isa = XCBuildConfiguration;
			buildSettings = {
				ASSETCATALOG_COMPILER_APPICON_NAME = AppIcon;
				ASSETCATALOG_COMPILER_GLOBAL_ACCENT_COLOR_NAME = AccentColor;
				CODE_SIGN_STYLE = Automatic;
				CURRENT_PROJECT_VERSION = 1;
				DEVELOPMENT_ASSET_PATHS = "\"EmotionDiary/Preview Content\"";
				DEVELOPMENT_TEAM = SC2M4P5Z8J;
				ENABLE_PREVIEWS = YES;
				GENERATE_INFOPLIST_FILE = YES;
				INFOPLIST_KEY_UIApplicationSceneManifest_Generation = YES;
				INFOPLIST_KEY_UIApplicationSupportsIndirectInputEvents = YES;
				INFOPLIST_KEY_UILaunchScreen_Generation = YES;
				INFOPLIST_KEY_UISupportedInterfaceOrientations_iPad = "UIInterfaceOrientationPortrait UIInterfaceOrientationPortraitUpsideDown UIInterfaceOrientationLandscapeLeft UIInterfaceOrientationLandscapeRight";
				INFOPLIST_KEY_UISupportedInterfaceOrientations_iPhone = "UIInterfaceOrientationPortrait UIInterfaceOrientationLandscapeLeft UIInterfaceOrientationLandscapeRight";
				LD_RUNPATH_SEARCH_PATHS = (
					"$(inherited)",
					"@executable_path/Frameworks",
				);
				MARKETING_VERSION = 1.0;
				PRODUCT_BUNDLE_IDENTIFIER = com.torinunna.EmotionDiary;
				PRODUCT_NAME = "$(TARGET_NAME)";
				SWIFT_EMIT_LOC_STRINGS = YES;
				SWIFT_VERSION = 5.0;
				TARGETED_DEVICE_FAMILY = "1,2";
			};
			name = Release;
		};
		86BB73DB2A58608E00E798D2 /* Debug */ = {
			isa = XCBuildConfiguration;
			buildSettings = {
				ALWAYS_EMBED_SWIFT_STANDARD_LIBRARIES = YES;
				BUNDLE_LOADER = "$(TEST_HOST)";
				CODE_SIGN_STYLE = Automatic;
				CURRENT_PROJECT_VERSION = 1;
				DEVELOPMENT_TEAM = SC2M4P5Z8J;
				GENERATE_INFOPLIST_FILE = YES;
				IPHONEOS_DEPLOYMENT_TARGET = 15.5;
				MARKETING_VERSION = 1.0;
				PRODUCT_BUNDLE_IDENTIFIER = com.torinunna.EmotionDiaryTests;
				PRODUCT_NAME = "$(TARGET_NAME)";
				SWIFT_EMIT_LOC_STRINGS = NO;
				SWIFT_VERSION = 5.0;
				TARGETED_DEVICE_FAMILY = "1,2";
				TEST_HOST = "$(BUILT_PRODUCTS_DIR)/EmotionDiary.app/EmotionDiary";
			};
			name = Debug;
		};
		86BB73DC2A58608E00E798D2 /* Release */ = {
			isa = XCBuildConfiguration;
			buildSettings = {
				ALWAYS_EMBED_SWIFT_STANDARD_LIBRARIES = YES;
				BUNDLE_LOADER = "$(TEST_HOST)";
				CODE_SIGN_STYLE = Automatic;
				CURRENT_PROJECT_VERSION = 1;
				DEVELOPMENT_TEAM = SC2M4P5Z8J;
				GENERATE_INFOPLIST_FILE = YES;
				IPHONEOS_DEPLOYMENT_TARGET = 15.5;
				MARKETING_VERSION = 1.0;
				PRODUCT_BUNDLE_IDENTIFIER = com.torinunna.EmotionDiaryTests;
				PRODUCT_NAME = "$(TARGET_NAME)";
				SWIFT_EMIT_LOC_STRINGS = NO;
				SWIFT_VERSION = 5.0;
				TARGETED_DEVICE_FAMILY = "1,2";
				TEST_HOST = "$(BUILT_PRODUCTS_DIR)/EmotionDiary.app/EmotionDiary";
			};
			name = Release;
		};
		86BB73DE2A58608E00E798D2 /* Debug */ = {
			isa = XCBuildConfiguration;
			buildSettings = {
				ALWAYS_EMBED_SWIFT_STANDARD_LIBRARIES = YES;
				CODE_SIGN_STYLE = Automatic;
				CURRENT_PROJECT_VERSION = 1;
				DEVELOPMENT_TEAM = SC2M4P5Z8J;
				GENERATE_INFOPLIST_FILE = YES;
				MARKETING_VERSION = 1.0;
				PRODUCT_BUNDLE_IDENTIFIER = com.torinunna.EmotionDiaryUITests;
				PRODUCT_NAME = "$(TARGET_NAME)";
				SWIFT_EMIT_LOC_STRINGS = NO;
				SWIFT_VERSION = 5.0;
				TARGETED_DEVICE_FAMILY = "1,2";
				TEST_TARGET_NAME = EmotionDiary;
			};
			name = Debug;
		};
		86BB73DF2A58608E00E798D2 /* Release */ = {
			isa = XCBuildConfiguration;
			buildSettings = {
				ALWAYS_EMBED_SWIFT_STANDARD_LIBRARIES = YES;
				CODE_SIGN_STYLE = Automatic;
				CURRENT_PROJECT_VERSION = 1;
				DEVELOPMENT_TEAM = SC2M4P5Z8J;
				GENERATE_INFOPLIST_FILE = YES;
				MARKETING_VERSION = 1.0;
				PRODUCT_BUNDLE_IDENTIFIER = com.torinunna.EmotionDiaryUITests;
				PRODUCT_NAME = "$(TARGET_NAME)";
				SWIFT_EMIT_LOC_STRINGS = NO;
				SWIFT_VERSION = 5.0;
				TARGETED_DEVICE_FAMILY = "1,2";
				TEST_TARGET_NAME = EmotionDiary;
			};
			name = Release;
		};
/* End XCBuildConfiguration section */

/* Begin XCConfigurationList section */
		86BB73AE2A58608D00E798D2 /* Build configuration list for PBXProject "EmotionDiary" */ = {
			isa = XCConfigurationList;
			buildConfigurations = (
				86BB73D52A58608E00E798D2 /* Debug */,
				86BB73D62A58608E00E798D2 /* Release */,
			);
			defaultConfigurationIsVisible = 0;
			defaultConfigurationName = Release;
		};
		86BB73D72A58608E00E798D2 /* Build configuration list for PBXNativeTarget "EmotionDiary" */ = {
			isa = XCConfigurationList;
			buildConfigurations = (
				86BB73D82A58608E00E798D2 /* Debug */,
				86BB73D92A58608E00E798D2 /* Release */,
			);
			defaultConfigurationIsVisible = 0;
			defaultConfigurationName = Release;
		};
		86BB73DA2A58608E00E798D2 /* Build configuration list for PBXNativeTarget "EmotionDiaryTests" */ = {
			isa = XCConfigurationList;
			buildConfigurations = (
				86BB73DB2A58608E00E798D2 /* Debug */,
				86BB73DC2A58608E00E798D2 /* Release */,
			);
			defaultConfigurationIsVisible = 0;
			defaultConfigurationName = Release;
		};
		86BB73DD2A58608E00E798D2 /* Build configuration list for PBXNativeTarget "EmotionDiaryUITests" */ = {
			isa = XCConfigurationList;
			buildConfigurations = (
				86BB73DE2A58608E00E798D2 /* Debug */,
				86BB73DF2A58608E00E798D2 /* Release */,
			);
			defaultConfigurationIsVisible = 0;
			defaultConfigurationName = Release;
		};
/* End XCConfigurationList section */
	};
	rootObject = 86BB73AB2A58608D00E798D2 /* Project object */;
}
